
Microsoft Visual Studio Solution File, Format Version 12.00
# Visual Studio 15
VisualStudioVersion = 15.0.26510.0
MinimumVisualStudioVersion = 10.0.40219.1
Project("{9A19103F-16F7-4668-BE54-9A1E7A4F7556}") = "SignalRCore.Web", "SignalRCore.Web\SignalRCore.Web.csproj", "{52C22FAF-AC30-48FB-AFFB-94318E2D267B}"
EndProject
Project("{9A19103F-16F7-4668-BE54-9A1E7A4F7556}") = "SignalRCore.CommandLine", "SignalRCore.Console\SignalRCore.CommandLine.csproj", "{45B55904-8AE1-46C4-92A6-5A9109B8463E}"
EndProject
Global
	GlobalSection(SolutionConfigurationPlatforms) = preSolution
		Debug|Any CPU = Debug|Any CPU
		Release|Any CPU = Release|Any CPU
	EndGlobalSection
	GlobalSection(ProjectConfigurationPlatforms) = postSolution
		{52C22FAF-AC30-48FB-AFFB-94318E2D267B}.Debug|Any CPU.ActiveCfg = Debug|Any CPU
		{52C22FAF-AC30-48FB-AFFB-94318E2D267B}.Debug|Any CPU.Build.0 = Debug|Any CPU
		{52C22FAF-AC30-48FB-AFFB-94318E2D267B}.Release|Any CPU.ActiveCfg = Release|Any CPU
		{52C22FAF-AC30-48FB-AFFB-94318E2D267B}.Release|Any CPU.Build.0 = Release|Any CPU
		{45B55904-8AE1-46C4-92A6-5A9109B8463E}.Debug|Any CPU.ActiveCfg = Debug|Any CPU
		{45B55904-8AE1-46C4-92A6-5A9109B8463E}.Debug|Any CPU.Build.0 = Debug|Any CPU
		{45B55904-8AE1-46C4-92A6-5A9109B8463E}.Release|Any CPU.ActiveCfg = Release|Any CPU
		{45B55904-8AE1-46C4-92A6-5A9109B8463E}.Release|Any CPU.Build.0 = Release|Any CPU
	EndGlobalSection
	GlobalSection(SolutionProperties) = preSolution
		HideSolutionNode = FALSE
	EndGlobalSection
EndGlobal
